
Microsoft Visual Studio Solution File, Format Version 12.00
# Visual Studio 15
VisualStudioVersion = 15.0.27130.2010
MinimumVisualStudioVersion = 10.0.40219.1
Project("{FAE04EC0-301F-11D3-BF4B-00C04F79EFBC}") = "BettingOddsTester", "BettingOddsTester\BettingOddsTester.csproj", "{ADDA05EC-47C0-4AB4-9000-C2D5CFF96D3F}"
EndProject
Global
	GlobalSection(SolutionConfigurationPlatforms) = preSolution
		Debug|Any CPU = Debug|Any CPU
		Release|Any CPU = Release|Any CPU
	EndGlobalSection
	GlobalSection(ProjectConfigurationPlatforms) = postSolution
		{ADDA05EC-47C0-4AB4-9000-C2D5CFF96D3F}.Debug|Any CPU.ActiveCfg = Debug|Any CPU
		{ADDA05EC-47C0-4AB4-9000-C2D5CFF96D3F}.Debug|Any CPU.Build.0 = Debug|Any CPU
		{ADDA05EC-47C0-4AB4-9000-C2D5CFF96D3F}.Release|Any CPU.ActiveCfg = Release|Any CPU
		{ADDA05EC-47C0-4AB4-9000-C2D5CFF96D3F}.Release|Any CPU.Build.0 = Release|Any CPU
	EndGlobalSection
	GlobalSection(SolutionProperties) = preSolution
		HideSolutionNode = FALSE
	EndGlobalSection
	GlobalSection(ExtensibilityGlobals) = postSolution
		SolutionGuid = {FF138B8A-106E-44D9-BBAC-4F65D15A3689}
	EndGlobalSection
EndGlobal
